Microsoft Visual Studio Solution File, Format Version 12.00
# Visual Studio Version 17
VisualStudioVersion = 17.5.2.0
MinimumVisualStudioVersion = 10.0.40219.1
Project("{FAE04EC0-301F-11D3-BF4B-00C04F79EFBC}") = "OnatrixUmbraco", "OnatrixUmbraco\OnatrixUmbraco.csproj", "{EACBA08E-5D4D-2997-A5E2-26E51A17FDB4}"
EndProject
Global
	GlobalSection(SolutionConfigurationPlatforms) = preSolution
		Debug|Any CPU = Debug|Any CPU
		Release|Any CPU = Release|Any CPU
	EndGlobalSection
	GlobalSection(ProjectConfigurationPlatforms) = postSolution
		{EACBA08E-5D4D-2997-A5E2-26E51A17FDB4}.Debug|Any CPU.ActiveCfg = Debug|Any CPU
		{EACBA08E-5D4D-2997-A5E2-26E51A17FDB4}.Debug|Any CPU.Build.0 = Debug|Any CPU
		{EACBA08E-5D4D-2997-A5E2-26E51A17FDB4}.Release|Any CPU.ActiveCfg = Release|Any CPU
		{EACBA08E-5D4D-2997-A5E2-26E51A17FDB4}.Release|Any CPU.Build.0 = Release|Any CPU
	EndGlobalSection
	GlobalSection(SolutionProperties) = preSolution
		HideSolutionNode = FALSE
	EndGlobalSection
	GlobalSection(ExtensibilityGlobals) = postSolution
		SolutionGuid = {BF4554B7-786F-4469-A02A-DBB4337E4992}
	EndGlobalSection
EndGlobal
