
Microsoft Visual Studio Solution File, Format Version 12.00
# Visual Studio Version 17
VisualStudioVersion = 17.14.36603.0 d17.14
MinimumVisualStudioVersion = 10.0.40219.1
Project("{FAE04EC0-301F-11D3-BF4B-00C04F79EFBC}") = "OnatrixUmbraco", "OnatrixUmbraco\OnatrixUmbraco.csproj", "{74C73C38-3621-47EF-9542-4E5E857C720C}"
EndProject
Global
	GlobalSection(SolutionConfigurationPlatforms) = preSolution
		Debug|Any CPU = Debug|Any CPU
		Release|Any CPU = Release|Any CPU
	EndGlobalSection
	GlobalSection(ProjectConfigurationPlatforms) = postSolution
		{74C73C38-3621-47EF-9542-4E5E857C720C}.Debug|Any CPU.ActiveCfg = Debug|Any CPU
		{74C73C38-3621-47EF-9542-4E5E857C720C}.Debug|Any CPU.Build.0 = Debug|Any CPU
		{74C73C38-3621-47EF-9542-4E5E857C720C}.Release|Any CPU.ActiveCfg = Release|Any CPU
		{74C73C38-3621-47EF-9542-4E5E857C720C}.Release|Any CPU.Build.0 = Release|Any CPU
	EndGlobalSection
	GlobalSection(SolutionProperties) = preSolution
		HideSolutionNode = FALSE
	EndGlobalSection
	GlobalSection(ExtensibilityGlobals) = postSolution
		SolutionGuid = {779FCD76-5AE9-4505-93FD-6F08429A0F8A}
	EndGlobalSection
EndGlobal
